
Microsoft Visual Studio Solution File, Format Version 11.00
# Visual Studio 2010
Project("{FAE04EC0-301F-11D3-BF4B-00C04F79EFBC}") = "Assembly-CSharp", "Assembly-CSharp.csproj", "{ca7a73dd-b479-e4d9-8092-9a46298973b3}"
EndProject
Project("{FAE04EC0-301F-11D3-BF4B-00C04F79EFBC}") = "Assembly-CSharp-firstpass", "Assembly-CSharp-firstpass.csproj", "{3365f035-6d25-320e-c923-b5748db5118d}"
EndProject
Global
	GlobalSection(SolutionConfigurationPlatforms) = preSolution
		Debug|Any CPU = Debug|Any CPU
	EndGlobalSection
	GlobalSection(ProjectConfigurationPlatforms) = postSolution
		{ca7a73dd-b479-e4d9-8092-9a46298973b3}.Debug|Any CPU.ActiveCfg = Debug|Any CPU
		{ca7a73dd-b479-e4d9-8092-9a46298973b3}.Debug|Any CPU.Build.0 = Debug|Any CPU
		{3365f035-6d25-320e-c923-b5748db5118d}.Debug|Any CPU.ActiveCfg = Debug|Any CPU
		{3365f035-6d25-320e-c923-b5748db5118d}.Debug|Any CPU.Build.0 = Debug|Any CPU
	EndGlobalSection
	GlobalSection(SolutionProperties) = preSolution
		HideSolutionNode = FALSE
	EndGlobalSection
EndGlobal
